{
  "version": "3",
  "packages": {
    "specifiers": {
      "npm:@types/node": "npm:@types/node@18.16.19"
    },
    "npm": {
      "@types/node@18.16.19": {
        "integrity": "sha512-IXl7o+R9iti9eBW4Wg2hx1xQDig183jj7YLn8F7udNceyfkbn1ZxmzZXuak20gR40D7pIkIY1kYGx5VIGbaHKA==",
        "dependencies": {}
      }
    }
  },
  "redirects": {
    "https://deno.land/x/deno_dom/deno-dom-wasm.ts": "https://deno.land/x/deno_dom@v0.1.45/deno-dom-wasm.ts",
    "https://deno.land/x/dnt/mod.ts": "https://deno.land/x/dnt@0.39.0/mod.ts",
    "https://esm.sh/jsdom": "https://esm.sh/jsdom@24.0.0",
    "https://esm.sh/v135/@types/jsdom@latest/index.d.ts": "https://esm.sh/v135/@types/jsdom@21.1.6/index.d.ts"
  },
  "remote": {
    "https://deno.land/std@0.140.0/_util/assert.ts": "e94f2eb37cebd7f199952e242c77654e43333c1ac4c5c700e929ea3aa5489f74",
    "https://deno.land/std@0.140.0/_util/os.ts": "3b4c6e27febd119d36a416d7a97bd3b0251b77c88942c8f16ee5953ea13e2e49",
    "https://deno.land/std@0.140.0/bytes/bytes_list.ts": "67eb118e0b7891d2f389dad4add35856f4ad5faab46318ff99653456c23b025d",
    "https://deno.land/std@0.140.0/bytes/equals.ts": "fc16dff2090cced02497f16483de123dfa91e591029f985029193dfaa9d894c9",
    "https://deno.land/std@0.140.0/bytes/mod.ts": "763f97d33051cc3f28af1a688dfe2830841192a9fea0cbaa55f927b49d49d0bf",
    "https://deno.land/std@0.140.0/fmt/colors.ts": "30455035d6d728394781c10755351742dd731e3db6771b1843f9b9e490104d37",
    "https://deno.land/std@0.140.0/fs/_util.ts": "0fb24eb4bfebc2c194fb1afdb42b9c3dda12e368f43e8f2321f84fc77d42cb0f",
    "https://deno.land/std@0.140.0/fs/ensure_dir.ts": "9dc109c27df4098b9fc12d949612ae5c9c7169507660dcf9ad90631833209d9d",
    "https://deno.land/std@0.140.0/io/buffer.ts": "bd0c4bf53db4b4be916ca5963e454bddfd3fcd45039041ea161dbf826817822b",
    "https://deno.land/std@0.140.0/path/_constants.ts": "df1db3ffa6dd6d1252cc9617e5d72165cd2483df90e93833e13580687b6083c3",
    "https://deno.land/std@0.140.0/path/_interface.ts": "ee3b431a336b80cf445441109d089b70d87d5e248f4f90ff906820889ecf8d09",
    "https://deno.land/std@0.140.0/path/_util.ts": "c1e9686d0164e29f7d880b2158971d805b6e0efc3110d0b3e24e4b8af2190d2b",
    "https://deno.land/std@0.140.0/path/common.ts": "bee563630abd2d97f99d83c96c2fa0cca7cee103e8cb4e7699ec4d5db7bd2633",
    "https://deno.land/std@0.140.0/path/glob.ts": "cb5255638de1048973c3e69e420c77dc04f75755524cb3b2e160fe9277d939ee",
    "https://deno.land/std@0.140.0/path/mod.ts": "d3e68d0abb393fb0bf94a6d07c46ec31dc755b544b13144dee931d8d5f06a52d",
    "https://deno.land/std@0.140.0/path/posix.ts": "293cdaec3ecccec0a9cc2b534302dfe308adb6f10861fa183275d6695faace44",
    "https://deno.land/std@0.140.0/path/separator.ts": "fe1816cb765a8068afb3e8f13ad272351c85cbc739af56dacfc7d93d710fe0f9",
    "https://deno.land/std@0.140.0/path/win32.ts": "31811536855e19ba37a999cd8d1b62078235548d67902ece4aa6b814596dd757",
    "https://deno.land/std@0.140.0/streams/conversion.ts": "712585bfa0172a97fb68dd46e784ae8ad59d11b88079d6a4ab098ff42e697d21",
    "https://deno.land/std@0.181.0/_util/asserts.ts": "178dfc49a464aee693a7e285567b3d0b555dc805ff490505a8aae34f9cfb1462",
    "https://deno.land/std@0.181.0/_util/os.ts": "d932f56d41e4f6a6093d56044e29ce637f8dcc43c5a90af43504a889cf1775e3",
    "https://deno.land/std@0.181.0/fmt/colors.ts": "d67e3cd9f472535241a8e410d33423980bec45047e343577554d3356e1f0ef4e",
    "https://deno.land/std@0.181.0/fs/_util.ts": "65381f341af1ff7f40198cee15c20f59951ac26e51ddc651c5293e24f9ce6f32",
    "https://deno.land/std@0.181.0/fs/empty_dir.ts": "c3d2da4c7352fab1cf144a1ecfef58090769e8af633678e0f3fabaef98594688",
    "https://deno.land/std@0.181.0/fs/ensure_dir.ts": "dc64c4c75c64721d4e3fb681f1382f803ff3d2868f08563ff923fdd20d071c40",
    "https://deno.land/std@0.181.0/fs/expand_glob.ts": "e4f56259a0a70fe23f05215b00de3ac5e6ba46646ab2a06ebbe9b010f81c972a",
    "https://deno.land/std@0.181.0/fs/walk.ts": "ea95ffa6500c1eda6b365be488c056edc7c883a1db41ef46ec3bf057b1c0fe32",
    "https://deno.land/std@0.181.0/path/_constants.ts": "e49961f6f4f48039c0dfed3c3f93e963ca3d92791c9d478ac5b43183413136e0",
    "https://deno.land/std@0.181.0/path/_interface.ts": "6471159dfbbc357e03882c2266d21ef9afdb1e4aa771b0545e90db58a0ba314b",
    "https://deno.land/std@0.181.0/path/_util.ts": "d7abb1e0dea065f427b89156e28cdeb32b045870acdf865833ba808a73b576d0",
    "https://deno.land/std@0.181.0/path/common.ts": "ee7505ab01fd22de3963b64e46cff31f40de34f9f8de1fff6a1bd2fe79380000",
    "https://deno.land/std@0.181.0/path/glob.ts": "d479e0a695621c94d3fd7fe7abd4f9499caf32a8de13f25073451c6ef420a4e1",
    "https://deno.land/std@0.181.0/path/mod.ts": "bf718f19a4fdd545aee1b06409ca0805bd1b68ecf876605ce632e932fe54510c",
    "https://deno.land/std@0.181.0/path/posix.ts": "8b7c67ac338714b30c816079303d0285dd24af6b284f7ad63da5b27372a2c94d",
    "https://deno.land/std@0.181.0/path/separator.ts": "0fb679739d0d1d7bf45b68dacfb4ec7563597a902edbaf3c59b50d5bcadd93b1",
    "https://deno.land/std@0.181.0/path/win32.ts": "d186344e5583bcbf8b18af416d13d82b35a317116e6460a5a3953508c3de5bba",
    "https://deno.land/std@0.209.0/assert/_constants.ts": "8a9da298c26750b28b326b297316cdde860bc237533b07e1337c021379e6b2a9",
    "https://deno.land/std@0.209.0/assert/_diff.ts": "2c9371f17cf08cbb843c924bc31ca77af422ec4fe162f73d42c651d547573fa8",
    "https://deno.land/std@0.209.0/assert/_format.ts": "335ce8e15c65b679ad142dbc9e5e97e5d58602c39dd3c9175cef6c85fe22d6d5",
    "https://deno.land/std@0.209.0/assert/assert.ts": "e265ad50a9341f3b40e51dd4cb41ab253d976943ba78a977106950e52e0302ab",
    "https://deno.land/std@0.209.0/assert/assert_almost_equals.ts": "a70d637856e1c6128dc733346d32aa73c67058489495116ca85091c39a60c767",
    "https://deno.land/std@0.209.0/assert/assert_array_includes.ts": "59d005d8897c1fbcbd5792170833f13a867f6a5ecd5a6b34a3d86b4b430de63c",
    "https://deno.land/std@0.209.0/assert/assert_equals.ts": "991b0c2b437a015d623654f758e48bfd931068211a52e8131b397cdf005c595f",
    "https://deno.land/std@0.209.0/assert/assert_exists.ts": "f24ecb0d3febad358a6cee235f012551077e07692517ebfe0630a561ba40a703",
    "https://deno.land/std@0.209.0/assert/assert_false.ts": "99cf237fe374cabf57072d2fb41b3eaff389029f850fbb96f643c875792f10ce",
    "https://deno.land/std@0.209.0/assert/assert_greater.ts": "e0bba9ac76a780573a864ab6eeb8b9fd71435b750bdd36d56a270e22ab9a79d9",
    "https://deno.land/std@0.209.0/assert/assert_greater_or_equal.ts": "aea1c7dc868926ba55f1e59f8c3560bb44706b5e3b6b009453ee4064eecf6746",
    "https://deno.land/std@0.209.0/assert/assert_instance_of.ts": "7c093d36b1a86666d5a60a8c290c91a51a627153b821a5a4dc40b24cab69f1e7",
    "https://deno.land/std@0.209.0/assert/assert_is_error.ts": "a8a758581661edec514c453910bee2f9c91b1346a515c58404963b130d81cd80",
    "https://deno.land/std@0.209.0/assert/assert_less.ts": "855aa58e49afa6a9e825f1abcd5947dc789c5878fc1b6f48b8a08115d48da32b",
    "https://deno.land/std@0.209.0/assert/assert_less_or_equal.ts": "2ae5246bd0e83da26e5c8e2815d1493252f71f7dc02afb83dc2fc0e0fb0bd894",
    "https://deno.land/std@0.209.0/assert/assert_match.ts": "e541a9769cf5726312ff9e15031e2faa2df3c59fbdc5573c8758b1f4668ccc62",
    "https://deno.land/std@0.209.0/assert/assert_not_equals.ts": "6bce4b28f3316029c0aef107f8390796798835c382d31c1004160baef0b80db0",
    "https://deno.land/std@0.209.0/assert/assert_not_instance_of.ts": "866243fd28bc6665e2ffcc027a9df1d2a69cb644aef1e9b8d1ce34377c6b8a84",
    "https://deno.land/std@0.209.0/assert/assert_not_match.ts": "59707eceb0d2b16d6892fbf92ec86f92fd76fcfc55f8b61508299db7d2972cab",
    "https://deno.land/std@0.209.0/assert/assert_not_strict_equals.ts": "c84b8e229450e8dfc44b9910d602788313ff7333d67d5bd8528371567b6a3632",
    "https://deno.land/std@0.209.0/assert/assert_object_match.ts": "ebeff248d48e5810f787e8742ae4f6b39904f4640edc2f69796596ceb6dbcdf8",
    "https://deno.land/std@0.209.0/assert/assert_rejects.ts": "f7e83272d816e1b39710012a0597ed950db2de6b193adcc5e50ddbcd9e177767",
    "https://deno.land/std@0.209.0/assert/assert_strict_equals.ts": "4007dabef1c2e9d6f1bb0e948ba7ba99ec9b1bee97ba34d67f7c10e7e5d794f7",
    "https://deno.land/std@0.209.0/assert/assert_string_includes.ts": "108a30d9348e5ff7a8b0b7cc836cf0a8cff27d5b33e861b8c56b52cc60b8219a",
    "https://deno.land/std@0.209.0/assert/assert_throws.ts": "a8767e6a06e94bac42ca9eebdad5d4e2decbc0c48bc892da7e06aa1fe0b388ba",
    "https://deno.land/std@0.209.0/assert/assertion_error.ts": "26ed1863d905005f00785c89750c001c3522c5417e4f58f95044b8143cfc1593",
    "https://deno.land/std@0.209.0/assert/equal.ts": "6f81c8a3b12c08bdc3510c8a1293b4db1c083692219d7e3828d2234b448d3d3d",
    "https://deno.land/std@0.209.0/assert/fail.ts": "f56fc64f9a141f98c1be5ff1005ddf158db888b7b206510e955bb3fedc69021c",
    "https://deno.land/std@0.209.0/assert/mod.ts": "37c49a26aae2b254bbe25723434dc28cd7532e444cf0b481a97c045d110ec085",
    "https://deno.land/std@0.209.0/assert/unimplemented.ts": "4e3e504792c87c485dbc5f4020489d8806ef697741403af2008dfa7b5a4711e8",
    "https://deno.land/std@0.209.0/assert/unreachable.ts": "1af8c99421cc5fb7332454b2b9eca074a4e394895a180bc837750dedcca75338",
    "https://deno.land/std@0.209.0/fmt/colors.ts": "34b3f77432925eb72cf0bfb351616949746768620b8e5ead66da532f93d10ba2",
    "https://deno.land/std@0.209.0/testing/asserts.ts": "605bbd2ef0695e2a4324d810c4ad22e56041d51afb9584fc0b4e81084b14b1d6",
    "https://deno.land/std@0.209.0/testing/mock.ts": "3f23573411caf1eacd48d62c5f9a606970648a694ce55132c76b0d2365baa03d",
    "https://deno.land/x/code_block_writer@12.0.0/mod.ts": "2c3448060e47c9d08604c8f40dee34343f553f33edcdfebbf648442be33205e5",
    "https://deno.land/x/code_block_writer@12.0.0/utils/string_utils.ts": "60cb4ec8bd335bf241ef785ccec51e809d576ff8e8d29da43d2273b69ce2a6ff",
    "https://deno.land/x/deno_cache@0.6.2/auth_tokens.ts": "5d1d56474c54a9d152e44d43ea17c2e6a398dd1e9682c69811a313567c01ee1e",
    "https://deno.land/x/deno_cache@0.6.2/cache.ts": "58b53c128b742757efcad10af9a3871f23b4e200674cb5b0ddf61164fb9b2fe7",
    "https://deno.land/x/deno_cache@0.6.2/deno_dir.ts": "1ea355b8ba11c630d076b222b197cfc937dd81e5a4a260938997da99e8ff93a0",
    "https://deno.land/x/deno_cache@0.6.2/deps.ts": "12cca94516cf2d3ed42fccd4b721ecd8060679253f077d83057511045b0081aa",
    "https://deno.land/x/deno_cache@0.6.2/dirs.ts": "009c6f54e0b610914d6ce9f72f6f6ccfffd2d47a79a19061e0a9eb4253836069",
    "https://deno.land/x/deno_cache@0.6.2/disk_cache.ts": "66a1e604a8d564b6dd0500326cac33d08b561d331036bf7272def80f2f7952aa",
    "https://deno.land/x/deno_cache@0.6.2/file_fetcher.ts": "4f3e4a2c78a5ca1e4812099e5083f815a8525ab20d389b560b3517f6b1161dd6",
    "https://deno.land/x/deno_cache@0.6.2/http_cache.ts": "407135eaf2802809ed373c230d57da7ef8dff923c4abf205410b9b99886491fd",
    "https://deno.land/x/deno_cache@0.6.2/lib/deno_cache_dir.generated.js": "59f8defac32e8ebf2a30f7bc77e9d88f0e60098463fb1b75e00b9791a4bbd733",
    "https://deno.land/x/deno_cache@0.6.2/lib/snippets/deno_cache_dir-a2aecaa9536c9402/fs.js": "cbe3a976ed63c72c7cb34ef845c27013033a3b11f9d8d3e2c4aa5dda2c0c7af6",
    "https://deno.land/x/deno_cache@0.6.2/mod.ts": "b4004287e1c6123d7f07fe9b5b3e94ce6d990c4102949a89c527c68b19627867",
    "https://deno.land/x/deno_cache@0.6.2/util.ts": "f3f5a0cfc60051f09162942fb0ee87a0e27b11a12aec4c22076e3006be4cc1e2",
    "https://deno.land/x/deno_dom@v0.1.45/build/deno-wasm/deno-wasm.js": "d6841a06342eb6a2798ef28de79ad69c0f2fa349fa04d3ca45e5fcfbf50a9340",
    "https://deno.land/x/deno_dom@v0.1.45/deno-dom-wasm.ts": "a33d160421bbb6e3104285ea5ebf33352b7ad50d82ea8765e3cf65f972b25119",
    "https://deno.land/x/deno_dom@v0.1.45/src/api.ts": "0ff5790f0a3eeecb4e00b7d8fbfa319b165962cf6d0182a65ba90f158d74f7d7",
    "https://deno.land/x/deno_dom@v0.1.45/src/constructor-lock.ts": "59714df7e0571ec7bd338903b1f396202771a6d4d7f55a452936bd0de9deb186",
    "https://deno.land/x/deno_dom@v0.1.45/src/deserialize.ts": "1cf4096678d8afed8ed28dbad690504c4d2c28149ba768b26eacd1416873425b",
    "https://deno.land/x/deno_dom@v0.1.45/src/dom/document-fragment.ts": "1c7352a3c816587ed7fad574b42636198f680f17abc3836fcfe7799b31e7718f",
    "https://deno.land/x/deno_dom@v0.1.45/src/dom/document.ts": "a182727dd9179e5712e31be66f4f72b766a5b714c765a75950babe6dd756b4ee",
    "https://deno.land/x/deno_dom@v0.1.45/src/dom/dom-parser.ts": "609097b426f8c2358f3e5d2bca55ed026cf26cdf86562e94130dfdb0f2537f92",
    "https://deno.land/x/deno_dom@v0.1.45/src/dom/element.ts": "d5371cd83ff2128353c1975465c368ef83d7441568626b386557deba51315111",
    "https://deno.land/x/deno_dom@v0.1.45/src/dom/elements/html-template-element.ts": "740b97a5378c9a14cccf3429299846eda240b613013e2d2d7f20b393897453c2",
    "https://deno.land/x/deno_dom@v0.1.45/src/dom/html-collection.ts": "829a965f419f8286d5f43a12e27886d10836d519ca2d5e74cb3f2e1d35f35746",
    "https://deno.land/x/deno_dom@v0.1.45/src/dom/node-list.ts": "9008303fe236e40e74f9f93e398bd173d2e9b09065932a0153dd0142c759397b",
    "https://deno.land/x/deno_dom@v0.1.45/src/dom/node.ts": "3069e6fc93ac4111a136ed68199d76673339842b9751610ba06f111ba7dc10a7",
    "https://deno.land/x/deno_dom@v0.1.45/src/dom/selectors/custom-api.ts": "852696bd58e534bc41bd3be9e2250b60b67cd95fd28ed16b1deff1d548531a71",
    "https://deno.land/x/deno_dom@v0.1.45/src/dom/selectors/nwsapi-types.ts": "c43b36c36acc5d32caabaa54fda8c9d239b2b0fcbce9a28efb93c84aa1021698",
    "https://deno.land/x/deno_dom@v0.1.45/src/dom/selectors/nwsapi.js": "985d7d8fc1eabbb88946b47a1c44c1b2d4aa79ff23c21424219f1528fa27a2ff",
    "https://deno.land/x/deno_dom@v0.1.45/src/dom/selectors/selectors.ts": "83eab57be2290fb48e3130533448c93c6c61239f2a2f3b85f1917f80ca0fdc75",
    "https://deno.land/x/deno_dom@v0.1.45/src/dom/selectors/sizzle-types.ts": "78149e2502409989ce861ed636b813b059e16bc267bb543e7c2b26ef43e4798b",
    "https://deno.land/x/deno_dom@v0.1.45/src/dom/selectors/sizzle.js": "c3aed60c1045a106d8e546ac2f85cc82e65f62d9af2f8f515210b9212286682a",
    "https://deno.land/x/deno_dom@v0.1.45/src/dom/utils-types.ts": "96db30e3e4a75b194201bb9fa30988215da7f91b380fca6a5143e51ece2a8436",
    "https://deno.land/x/deno_dom@v0.1.45/src/dom/utils.ts": "4c6206516fb8f61f37a209c829e812c4f5a183e46d082934dd14c91bde939263",
    "https://deno.land/x/deno_dom@v0.1.45/src/parser.ts": "e06b2300d693e6ae7564e53dfa5c9a9e97fdb8c044c39c52c8b93b5d60860be3",
    "https://deno.land/x/dir@1.5.1/data_local_dir/mod.ts": "91eb1c4bfadfbeda30171007bac6d85aadacd43224a5ed721bbe56bc64e9eb66",
    "https://deno.land/x/dnt@0.39.0/lib/compiler.ts": "7f4447531581896348b8a379ab94730856b42ae50d99043f2468328360293cb1",
    "https://deno.land/x/dnt@0.39.0/lib/compiler_transforms.ts": "f21aba052f5dcf0b0595c734450842855c7f572e96165d3d34f8fed2fc1f7ba1",
    "https://deno.land/x/dnt@0.39.0/lib/mod.deps.ts": "8d6123c8e1162037e58aa8126686a03d1e2cffb250a8757bf715f80242097597",
    "https://deno.land/x/dnt@0.39.0/lib/npm_ignore.ts": "57fbb7e7b935417d225eec586c6aa240288905eb095847d3f6a88e290209df4e",
    "https://deno.land/x/dnt@0.39.0/lib/package_json.ts": "607b0a4f44acad071a4c8533b312a27d6671eac8e6a23625c8350ce29eadb2ba",
    "https://deno.land/x/dnt@0.39.0/lib/pkg/dnt_wasm.generated.js": "4f9c59b3ca6c875adabb10df256e273fff1129fca3a1557eb8936bddd7da7b18",
    "https://deno.land/x/dnt@0.39.0/lib/pkg/snippets/dnt-wasm-a15ef721fa5290c5/helpers.js": "aba69a019a6da6f084898a6c7b903b8b583bc0dbd82bfb338449cf0b5bce58fd",
    "https://deno.land/x/dnt@0.39.0/lib/shims.ts": "60fd285ad433c6944544595e7b885eab3eab09253252891380654f4cd3addaaa",
    "https://deno.land/x/dnt@0.39.0/lib/test_runner/get_test_runner_code.ts": "4dc7a73a13b027341c0688df2b29a4ef102f287c126f134c33f69f0339b46968",
    "https://deno.land/x/dnt@0.39.0/lib/test_runner/test_runner.ts": "4d0da0500ec427d5f390d9a8d42fb882fbeccc92c92d66b6f2e758606dbd40e6",
    "https://deno.land/x/dnt@0.39.0/lib/transform.deps.ts": "2e159661e1c5c650de9a573babe0e319349fe493105157307ec2ad2f6a52c94e",
    "https://deno.land/x/dnt@0.39.0/lib/types.ts": "b8e228b2fac44c2ae902fbb73b1689f6ab889915bd66486c8a85c0c24255f5fb",
    "https://deno.land/x/dnt@0.39.0/lib/utils.ts": "224f15f33e7226a2fd991e438d0291d7ed8c7889807efa2e1ecb67d2d1db6720",
    "https://deno.land/x/dnt@0.39.0/mod.ts": "9df36a862161d9eb376472b699f6cb08ba0ad1704e0826fbe13be766bd3c01da",
    "https://deno.land/x/dnt@0.39.0/transform.ts": "f68743a14cf9bf53bfc9c81073871d69d447a7f9e3453e0447ca2fb78926bb1d",
    "https://deno.land/x/ts_morph@20.0.0/bootstrap/mod.ts": "b53aad517f106c4079971fcd4a81ab79fadc40b50061a3ab2b741a09119d51e9",
    "https://deno.land/x/ts_morph@20.0.0/bootstrap/ts_morph_bootstrap.js": "6645ac03c5e6687dfa8c78109dc5df0250b811ecb3aea2d97c504c35e8401c06",
    "https://deno.land/x/ts_morph@20.0.0/common/DenoRuntime.ts": "6a7180f0c6e90dcf23ccffc86aa8271c20b1c4f34c570588d08a45880b7e172d",
    "https://deno.land/x/ts_morph@20.0.0/common/mod.ts": "01985d2ee7da8d1caee318a9d07664774fbee4e31602bc2bb6bb62c3489555ed",
    "https://deno.land/x/ts_morph@20.0.0/common/ts_morph_common.js": "2325f94f61dc5f3f98a1dab366dc93048d11b1433d718b10cfc6ee5a1cfebe8f",
    "https://deno.land/x/ts_morph@20.0.0/common/typescript.js": "b9edf0a451685d13e0467a7ed4351d112b74bd1e256b915a2b941054e31c1736",
    "https://deno.land/x/wasmbuild@0.15.1/cache.ts": "9d01b5cb24e7f2a942bbd8d14b093751fa690a6cde8e21709ddc97667e6669ed",
    "https://deno.land/x/wasmbuild@0.15.1/loader.ts": "8c2fc10e21678e42f84c5135d8ab6ab7dc92424c3f05d2354896a29ccfd02a63",
    "https://dev.jspm.io/jsdom": "777d1bc09183676ce6a71d70b84ec975aa9488cda87780c962a9e45b83d2add8",
    "https://dev.jspm.io/npm:@jspm/core@2.0.1/_/0545670c.js": "468e254a0e5f7801333f217fcee046141186bd0a960018c893d73910bd754b71",
    "https://dev.jspm.io/npm:@jspm/core@2.0.1/_/3fe460d2.js": "991599d7a4ccc93f3dc0808aa706e713fd80a80fc8d21ec1fd28a96832030572",
    "https://dev.jspm.io/npm:@jspm/core@2.0.1/_/4a7b19f3.js": "0987e28a89045f13547cdfd42adfb114158c9e444544cbfa0737679e3d3863ce",
    "https://dev.jspm.io/npm:@jspm/core@2.0.1/_/57403c48.js": "3fa9c20fb03311a58a652563a4c935f6e7666113d2f725a6458893bfbac75e5f",
    "https://dev.jspm.io/npm:@jspm/core@2.0.1/_/633ae550.js": "65a4b416c1a22251ee020c55496de44a08ae247d4108898dfc0f4753df829fc5",
    "https://dev.jspm.io/npm:@jspm/core@2.0.1/_/8dc3f476.js": "55ff556fbd358ec01e78b1bc31d4d22baf1479046e42ea17f712b58ea96ba535",
    "https://dev.jspm.io/npm:@jspm/core@2.0.1/_/8ddf35de.js": "c05f3a1431f18571f87b59b7d3cda65c8983712c9b424b5574623975dcc68863",
    "https://dev.jspm.io/npm:@jspm/core@2.0.1/_/a17f45f2.js": "a36e172b43861a826c2258b8735525a1b13eb59c198ee808b016586d02dab38f",
    "https://dev.jspm.io/npm:@jspm/core@2.0.1/_/a421dfba.js": "ec016925d8e0ec5e5b56c0847212c1113edce320f5f6920d241ee00ee115d172",
    "https://dev.jspm.io/npm:@jspm/core@2.0.1/_/c5b352d6.js": "991006a876c2c17414e1884022c7c96a5cbe9a4fc9ec1abd717ac3d0ee7d4c55",
    "https://dev.jspm.io/npm:@jspm/core@2.0.1/_/cb95b980.js": "e20e42c770070c4326cb18192218b59e90a5378cdc57897f0c5f3b99ae054f07",
    "https://dev.jspm.io/npm:@jspm/core@2.0.1/_/e0803811.js": "1f6fe590fd0eeb59d9911633c388a4d97bea171f10ad260bc63b6702eb6d2e25",
    "https://dev.jspm.io/npm:@jspm/core@2.0.1/nodelibs/assert": "d10535eedc33c732428f71cd82f4a0caf0e74fec90d6bd7c3535a8ea4389a5ce",
    "https://dev.jspm.io/npm:@jspm/core@2.0.1/nodelibs/buffer": "f6bd0a893f7d7d48422389dc81a2923809fbd24c2d6352c7f4bdd29dcad7154b",
    "https://dev.jspm.io/npm:@jspm/core@2.0.1/nodelibs/child_process": "ad4ac7e2c2ea53d0b61c9ecd5029c18670960dd66cea8f838ba4208969775975",
    "https://dev.jspm.io/npm:@jspm/core@2.0.1/nodelibs/crypto": "3b67684d38a8b2c8561a36153f2ea800eea4415fce88895e38a2742468d304f8",
    "https://dev.jspm.io/npm:@jspm/core@2.0.1/nodelibs/events": "e5cc37092fddd5ac75814ca2a779eda7977ef43b0b410d90c8f9323f89d80cb4",
    "https://dev.jspm.io/npm:@jspm/core@2.0.1/nodelibs/fs": "721ba251d28f561ab8b04b57938cba82b702b821bdf027b0f0c00bd7f94d3cdd",
    "https://dev.jspm.io/npm:@jspm/core@2.0.1/nodelibs/http": "3a6a6039e8b101294759b1e7c9acea0b75e2711e32b91246c3d1a2cf2d491755",
    "https://dev.jspm.io/npm:@jspm/core@2.0.1/nodelibs/https": "a1e659c95c3769dc3ab32b078c028adfab890545f1e4eb73f945b6119d648bcf",
    "https://dev.jspm.io/npm:@jspm/core@2.0.1/nodelibs/net": "2ea2d164b528306a24ac3c6cbbeb7aaf9a095aad07bee5edf2c1f1417d993c1f",
    "https://dev.jspm.io/npm:@jspm/core@2.0.1/nodelibs/os": "ec82f519bad244a8b3ddbc42e6902b172efd684d72a68c2d45bd7469a4b70f6a",
    "https://dev.jspm.io/npm:@jspm/core@2.0.1/nodelibs/path": "3eefa6fbe73189ade0710d6dc4c725be27f0496cb5371d59c0a16b84be17e0cb",
    "https://dev.jspm.io/npm:@jspm/core@2.0.1/nodelibs/process": "1d9259731556e49ecd4ce8180667577a1bdc68844dc89a5a1e71d34cad4a455d",
    "https://dev.jspm.io/npm:@jspm/core@2.0.1/nodelibs/punycode": "de15b3b865f8196f62e2100731590c1d499cfffedef3d682861aff306b1f69dc",
    "https://dev.jspm.io/npm:@jspm/core@2.0.1/nodelibs/stream": "bbc5a30284349f7be148a0a9e81fbdf30d52abaf9b155554abce757bdffac50a",
    "https://dev.jspm.io/npm:@jspm/core@2.0.1/nodelibs/string_decoder": "697fb7f5f779b23349f8dfae415efa3ef3a235ef89afeaa3d08455c29e149c2f",
    "https://dev.jspm.io/npm:@jspm/core@2.0.1/nodelibs/tls": "869ff4dacad8ffab03f25f28568a616c87cbf42a88313cb4b8b6a624d156011c",
    "https://dev.jspm.io/npm:@jspm/core@2.0.1/nodelibs/url": "3d7ca846b3826a38b6b6596e04446f053bcadb71b818a28333e620afd119fef7",
    "https://dev.jspm.io/npm:@jspm/core@2.0.1/nodelibs/util": "f22fa23c828774618e6f8705ce6705f5a4e1d939efc98af445805d6d9a9e4a44",
    "https://dev.jspm.io/npm:@jspm/core@2.0.1/nodelibs/vm": "2456760b30fbf9f65ad9674108fbfe3528bd9a714719a14e3b95c067a770e0a1",
    "https://dev.jspm.io/npm:@jspm/core@2.0.1/nodelibs/zlib": "44666b54bb2e6e376a45cb458735a785321cd44e3f3b4b1c6e12b122db4d0e66",
    "https://dev.jspm.io/npm:@jspm/core@2/nodelibs/assert": "cf62e57177a93e448e5c0e9d9ba4c45a74181d76f7e2d8e183ee8ce19e35273d",
    "https://dev.jspm.io/npm:@jspm/core@2/nodelibs/buffer": "229bdbb9a5042d5977545e4ff66f49e866bf7103f4df4a7b60af203625ac60b0",
    "https://dev.jspm.io/npm:@jspm/core@2/nodelibs/child_process": "eca361b3d735f666bc43b6e119cc3331f402bc7b63a5221e6a45933ec69dba13",
    "https://dev.jspm.io/npm:@jspm/core@2/nodelibs/crypto": "a0e7177391a40782fb0388c9b6276d068fc707f49f72334a665dbffc639f74a6",
    "https://dev.jspm.io/npm:@jspm/core@2/nodelibs/events": "bfe1b4b57009633738066ed889019c197d2d1f4e3f867bcb69e9db9b48517c1f",
    "https://dev.jspm.io/npm:@jspm/core@2/nodelibs/fs": "9281dd30f0fbcfc282a5c235d54ed502166d109171380db7a609480e10e9627b",
    "https://dev.jspm.io/npm:@jspm/core@2/nodelibs/http": "00567cab39a03e98a0b8e8a691db2f9e8cc4158752fe16936a2ca3d1cf7d45eb",
    "https://dev.jspm.io/npm:@jspm/core@2/nodelibs/https": "ad57d7779dd0eedea2c8c10088467a096be0e6e4e36b944d205eabd6b35466c2",
    "https://dev.jspm.io/npm:@jspm/core@2/nodelibs/net": "b3765b7876f9adaecf5c9ac5c3b7343d4fc00ed72e69c83845f2152b59042a7b",
    "https://dev.jspm.io/npm:@jspm/core@2/nodelibs/os": "76283479c500c7a7a08db1f3153f9270a54a2ea3a9fd086c39a37df71c651a12",
    "https://dev.jspm.io/npm:@jspm/core@2/nodelibs/path": "5216638da3b96090d01ef829eeb4b271c3da699e8db06655ef6452315999bd76",
    "https://dev.jspm.io/npm:@jspm/core@2/nodelibs/process": "2b4c3a7c167d15d326b5e420b8a9f9c6ab7e1fedcfd1910b9b5a25ed5bb43579",
    "https://dev.jspm.io/npm:@jspm/core@2/nodelibs/punycode": "0ef16b3299b3928a3b26b7152c99a2bfa6a024189c9c62b769a81b7c931b25e0",
    "https://dev.jspm.io/npm:@jspm/core@2/nodelibs/stream": "6f2493f1eb38cf746a9583c8eb5b72d69dbdc9adb9cd34e7d013e6561e94d37e",
    "https://dev.jspm.io/npm:@jspm/core@2/nodelibs/string_decoder": "ba0424760f9acc4e672217a88a0e4dbb2bfccdf106dbc3d9104e13f20aa1a7f9",
    "https://dev.jspm.io/npm:@jspm/core@2/nodelibs/tls": "2e2c1e33dd08de25c0cbed7021208ebe21582de07fbf968ccd91e811f0887653",
    "https://dev.jspm.io/npm:@jspm/core@2/nodelibs/url": "4f9b3efc61540c0883c3a60693d3fdd83557bc1b0532ec313c0515174492d480",
    "https://dev.jspm.io/npm:@jspm/core@2/nodelibs/util": "3e367156f97c2b6d19b6658a074a2554010e5e15a1b59fa239c58bff2ffb266e",
    "https://dev.jspm.io/npm:@jspm/core@2/nodelibs/vm": "01cc38dd42802fe2bfc5eeebddf00536ae9d8fa76e8e0e1d810dd28ad1085517",
    "https://dev.jspm.io/npm:@jspm/core@2/nodelibs/zlib": "f3a66416a6267347b80251a088e3c694510522b0000004750b6c26a0228d5604",
    "https://dev.jspm.io/npm:agent-base@7!cjs": "2a4d4a41ca68feb112d2ec2ec3a6e6e3ac70eb2252481122ac0e372a69347e45",
    "https://dev.jspm.io/npm:agent-base@7.1.0!cjs": "b6b6687d2c35079f0f5b50da00162aa86ae78fa5b6dfcc82124ea86673dafbc0",
    "https://dev.jspm.io/npm:canvas@2!cjs": "fdb20265d96448c9caac2e1d0f33ef8231b3f3ae4782520c83cd1a81f6b91489",
    "https://dev.jspm.io/npm:canvas@2.11.2!cjs": "4bd2cabbb26e017c8a4472070015fe7960fd62c6747a3a9fc59aad37d52f4b64",
    "https://dev.jspm.io/npm:canvas@2.11.2/_/e5a8d796.js": "f98cdf0c06da83ea5a378d1cb51a19185ff7edf28dc10ffabfb44baa37d59c38",
    "https://dev.jspm.io/npm:cssstyle@3!cjs": "fc4dcb24b3799d41174992b0abb5196e96ddbe835c83e41917411a3868dd6526",
    "https://dev.jspm.io/npm:cssstyle@3.0.0!cjs": "1fb042d2d8b93d53275052845ac51d4784ada93a3a1aeaa88679e0e7202c49f9",
    "https://dev.jspm.io/npm:cssstyle@3.0.0/lib/allProperties!cjs": "edf11cce5c0d0e2ca5124c29943493a073e9d8d942daab7c27f8d17aaa5009a0",
    "https://dev.jspm.io/npm:cssstyle@3.0.0/lib/parsers!cjs": "4d26f609bc096d5bf51425e3e05b4282431ea76b77c46c41491847e06aaef1f3",
    "https://dev.jspm.io/npm:data-urls@5!cjs": "6f4f30fb9efe78aabc7acf03455bb1d3036449911a82ded4c784b23add6a409b",
    "https://dev.jspm.io/npm:data-urls@5.0.0!cjs": "8e58516ddf851ebaff03543100ae1678ab2a1edac8c8e41cf9782973e8846c67",
    "https://dev.jspm.io/npm:debug@4!cjs": "10dd5ba3edd978795d30534e1a9e6210e241e1f860e301908f0475d3491a2e7a",
    "https://dev.jspm.io/npm:debug@4.3.4/_/0ce6db63.js": "4622778dd4621cdc9fc13020de03d637ca0342c7aa4b04187e22bf991e9b7143",
    "https://dev.jspm.io/npm:decimal.js@10!cjs": "41bf2ca78769b97bb0f50d17af0be3fe231b6eff77d2c1219db519066c6cea24",
    "https://dev.jspm.io/npm:decimal.js@10.4.3!cjs": "a35128e3e417ac762fae4abfa8d3d80d3b62de75d4968c46ad2953d1b5c97d88",
    "https://dev.jspm.io/npm:entities@4.5.0/lib/decode.js!cjs": "cfdce80e216524a5f8782c6caf7166fd78e6ad14ff37b8aae677eed0633b8b3e",
    "https://dev.jspm.io/npm:entities@4.5.0/lib/escape.js!cjs": "f5212517ad072c710ae26e45aaf9076cfb35cd7c98eb45b78cffe53dc893b670",
    "https://dev.jspm.io/npm:entities@4/lib/decode.js!cjs": "49974acb92dbf974606231151c72afa0d904594888fc6c2377f847670f4c941f",
    "https://dev.jspm.io/npm:entities@4/lib/escape.js!cjs": "36a896822ff6adf08ac18b5b4182e9d345de1968ac3baa00d7448b36d5b93f35",
    "https://dev.jspm.io/npm:form-data@4!cjs": "a2c8bc49910dc70cc1f8b82d8135ff6d1e3f951c8edcbdb4aa52a96c97620b0d",
    "https://dev.jspm.io/npm:form-data@4.0.0!cjs": "b66f9ad8ffa656f878ec1ad705f54dfce6c436f507b7e2e035ccf767c3d5ed35",
    "https://dev.jspm.io/npm:html-encoding-sniffer@4!cjs": "21d20cc5a0e610da39c4db72352a819adcbc385c31a8212b9ec09663bc1ce30f",
    "https://dev.jspm.io/npm:html-encoding-sniffer@4.0.0!cjs": "506bf6bcc63368ba8f32ecc51e0fc60485ef66842f806473b587008a3fe1a723",
    "https://dev.jspm.io/npm:http-proxy-agent@7!cjs": "ab923c58a1ca163bd0089e210309f712969556acd62dd44979e5b2e871109e53",
    "https://dev.jspm.io/npm:http-proxy-agent@7.0.0!cjs": "f75b2e6f22a2e010e1bae9359a343e12c3043ac61bf7af5b34bc98ffa0a74434",
    "https://dev.jspm.io/npm:https-proxy-agent@7!cjs": "2b7e840d2a08b5bbc97c1b651ffd04731616e17cf9bb7e124e1a4d3a7f9b8006",
    "https://dev.jspm.io/npm:https-proxy-agent@7.0.2!cjs": "0a2308cd5db59f8a651f4709a69181116ccb74abf7d6133972a059e5231d630c",
    "https://dev.jspm.io/npm:iconv-lite@0.6.3!cjs": "9bea8bf2754c0aa38e9c801525d18062abf5bb5275fae8da4b7272aa13366c16",
    "https://dev.jspm.io/npm:iconv-lite@0.6.3/encodings!cjs": "b07bdf02ef6c9e0eed9824d4d1ec9b646b7450f1b9e1fa7156bdebdd18bb37f4",
    "https://dev.jspm.io/npm:iconv-lite@0.6.3/encodings/dbcs-codec!cjs": "87d41ee45c9afc57e2df3264993050fe6cd63b43a8ee64b2f10d4450e5479947",
    "https://dev.jspm.io/npm:iconv-lite@0.6.3/encodings/dbcs-data!cjs": "bbdb94bd591a9216e3286a8fe31212c74a81497a6e6966952f8f13d22109c5f1",
    "https://dev.jspm.io/npm:iconv-lite@0.6.3/encodings/internal!cjs": "10e5ed2ef10008537c305dfc589bb6b818bc9d775eefccd8374952c921f72032",
    "https://dev.jspm.io/npm:iconv-lite@0.6.3/encodings/sbcs-codec!cjs": "ea41811db9ab67a2ff88f5f227c992c2115fcad8c7e723d73c799e9a119d92e6",
    "https://dev.jspm.io/npm:iconv-lite@0.6.3/encodings/sbcs-data!cjs": "2e2c423a1035c40b10c7d900f73b673ef35c810d72a83a1bb7171ad107d1a660",
    "https://dev.jspm.io/npm:iconv-lite@0.6.3/encodings/sbcs-data-generated!cjs": "f55cd32bc23c78fee9b8e8e7e28a14468f88b2b97efe3d69c9ed32d9713e2cbb",
    "https://dev.jspm.io/npm:iconv-lite@0.6.3/encodings/utf16!cjs": "c2df8f4da6638143dc0b93a4fecdb51d2613107ba9452ff4d6d23f61698ce60a",
    "https://dev.jspm.io/npm:iconv-lite@0.6.3/encodings/utf7!cjs": "956c9772c26fcf126f70d9149fdcc43486fa165fb9ea74f631546a732f8b16ed",
    "https://dev.jspm.io/npm:iconv-lite@0.6.3/lib/bom-handling!cjs": "b17127d6f2330b300482e4b34d0b0f73a1aef7e98554e7c682ae141e8e0ab804",
    "https://dev.jspm.io/npm:iconv-lite@0.6.3/lib/streams!cjs": "d08130b96d80e9ff8d083ab4f2ea936f4a38b02026f2753e0b7aaa95d2158329",
    "https://dev.jspm.io/npm:is-potential-custom-element-name@1!cjs": "345ef3f88fee8dba89716b5063c917a07cddeb692939e48275cb5c4522c7f083",
    "https://dev.jspm.io/npm:is-potential-custom-element-name@1.0.1!cjs": "0f79275dbd241c9f13d1162ff0b727ab40e027082477377afba43abf463745fd",
    "https://dev.jspm.io/npm:jsdom@23.0.1!cjs": "a8a619f14092c91374e780ee90da9ee7421ca5228af86009b1807ab37f700f91",
    "https://dev.jspm.io/npm:jsdom@23.0.1/_/0dUh60bZ.js": "3a0ae8bc3fb7a1ceb99554d8f01a989d776e3ee3a4eaaa8eaacdb3ee716150e7",
    "https://dev.jspm.io/npm:jsdom@23.0.1/_/0h9HcM7v.js": "68eb09ad5fb17d7b67f2f6e7d20b282696bce1d85017c17fafc4433059679cd1",
    "https://dev.jspm.io/npm:jsdom@23.0.1/_/4RgE5ciM.js": "a687590a677e30848eb7fb47b28b7a2ab237fb064367147b98d8691cf50fca90",
    "https://dev.jspm.io/npm:jsdom@23.0.1/_/4asEPlu8.js": "6fd1fd6b71fceda60aa2f5718911e9d63e27797385eb4cdb8f0a9222a7d61c6b",
    "https://dev.jspm.io/npm:jsdom@23.0.1/_/7MBfA6_C.js": "6a3ef0c59c878bf3dc2497073b17f3ad699a72113e40fe30e37574d37f4c79b7",
    "https://dev.jspm.io/npm:jsdom@23.0.1/_/7gVL987s.js": "269fe83ee2cd8bbe7745459db5aff2af13645547e330127957e83972b76dd30e",
    "https://dev.jspm.io/npm:jsdom@23.0.1/_/7mVB1peT.js": "51411661ec3179e49c92b0b3fdd95fd20aefd730e725f93c709976bbf965ee2c",
    "https://dev.jspm.io/npm:jsdom@23.0.1/_/8PwkNK27.js": "25e30b7dce88f0976c387b4be69a90fa33b28cbfd6471a322784c921c0297859",
    "https://dev.jspm.io/npm:jsdom@23.0.1/_/BFH9sMG2.js": "192f6afc83319d196607cdfedc89fe6744bb46762f176aba0264d248d39786db",
    "https://dev.jspm.io/npm:jsdom@23.0.1/_/BoXzJlzx.js": "e6c3f574ce78c426c46f0830e7eab6fb746d7b665acf23ecd1afecd0b7993f99",
    "https://dev.jspm.io/npm:jsdom@23.0.1/_/GmMsWC4D.js": "8a82086dd79efab1d37feb14a33c6355253fa798a028b95c06c612a0f3d08b4d",
    "https://dev.jspm.io/npm:jsdom@23.0.1/_/IIt7W8ny.js": "e7b1db7d13dee19283d2271943cebaa70bcea705c41b143cc4aea33a7fd260da",
    "https://dev.jspm.io/npm:jsdom@23.0.1/_/LicdfhKi.js": "1ee3a1a583ed5dffbadf99c61d5027cc215a178bcba2b3a92181d6fc25299f4a",
    "https://dev.jspm.io/npm:jsdom@23.0.1/_/MwVTujpJ.js": "55796aabd53a0f226ba0e3ea30f767507a6974ca220925c41531383e5a8cd76d",
    "https://dev.jspm.io/npm:jsdom@23.0.1/_/NjqHduQZ.js": "3940c4056a737447cf65c67effceaff449a4cc8e6b1b77112fd89de29350c6a3",
    "https://dev.jspm.io/npm:jsdom@23.0.1/_/NmxCiiFx.js": "25a938d859fc3f924f100472e6c6de3b87832f38e70c230515c91f601d967e1b",
    "https://dev.jspm.io/npm:jsdom@23.0.1/_/Q_dhwUd4.js": "016c9610a7f247a0afbf6e8af8833b19ca8103171fd4893c52eeded5b7e3fd17",
    "https://dev.jspm.io/npm:jsdom@23.0.1/_/Ule6VvTQ.js": "b182bf81695a213270aff50c0c61cf21363ae5cb9695bc55149dc0fca55876ad",
    "https://dev.jspm.io/npm:jsdom@23.0.1/_/_vvDIsKg.js": "5e66b8d43e98b9c7dd5b05174b1b8293fe8013c45692fe8f9c2ab4a35009cca2",
    "https://dev.jspm.io/npm:jsdom@23.0.1/_/aQ3N9j3p.js": "d4d6bcd2f0e23f1ea761ac21ea93ebafb67b9d9e19b95a5adeef6cd33b300be5",
    "https://dev.jspm.io/npm:jsdom@23.0.1/_/b064o_U-.js": "5c21f273183d90d748c2574d7cbe74e9c017b96596bb928bff6c058235effb04",
    "https://dev.jspm.io/npm:jsdom@23.0.1/_/c6_Grdmz.js": "517ed6aabf261e33a8f634d2cfceded6246ff8e745ff8ec9d6c91a2d0f3a6418",
    "https://dev.jspm.io/npm:jsdom@23.0.1/_/dMaZdZTS.js": "43e8004023f1860f8480342f5dd95a54c928cb4a99f6567aa79b70e29c3cf92e",
    "https://dev.jspm.io/npm:jsdom@23.0.1/_/fOQDvxbp.js": "0fe8bdd10b58196e0af0e7c35cd91b5a8a0025e9aace0d9f24973084c1084eb4",
    "https://dev.jspm.io/npm:jsdom@23.0.1/_/hLvNmEZb.js": "d8139a75eabc1488671b74143430e8d538b88d9b2da178916f8e5704d943cc07",
    "https://dev.jspm.io/npm:jsdom@23.0.1/_/higqvCYZ.js": "c645ab643a24c9fb440797a362b57f6f3efd8e40d6691fd5b004b329bfe9ea7e",
    "https://dev.jspm.io/npm:jsdom@23.0.1/_/ioEMwOht.js": "7c8b704582549cd0e5cf32209ee3a8d11740e564ee9d1ad22fb9e6f8db06ab32",
    "https://dev.jspm.io/npm:jsdom@23.0.1/_/j9vMPv0G.js": "50aa5e35f1a46081df0da62ff4f1b948f261192a78393d819453823ef9ed690e",
    "https://dev.jspm.io/npm:jsdom@23.0.1/_/mTq8MLlq.js": "e2eaa646bcdbfb019ae59d1bcc6110e37b6bf4ddcc1017907751331bad015352",
    "https://dev.jspm.io/npm:jsdom@23.0.1/_/qOXhs-FX.js": "4ad8ea10b138bd7ff167754d77b2e3fce900a1279be5115ab7036621a63d9c7d",
    "https://dev.jspm.io/npm:jsdom@23.0.1/_/wFu4pOF1.js": "7bf9b3f09f30aed126069ad181f78cd060f839b879d35b65fd62e15f4a43ce97",
    "https://dev.jspm.io/npm:jsdom@23.0.1/_/wyDsE3Ym.js": "5adcdb4a78db7815525a9d3098d2335e3ea25adbd4c6093ac2bcb2e1343c7517",
    "https://dev.jspm.io/npm:jsdom@23.0.1/_/xH0konPi.js": "046a6c8804506210f00a2004f2d7860f0b25026ff2505ededb49589935e1ff9d",
    "https://dev.jspm.io/npm:jsdom@23.0.1/_/yMvpPeMh.js": "e823bf40b896b529c881a0cc7e7101354917bea3754f857b9497a29896c024e8",
    "https://dev.jspm.io/npm:jsdom@23.0.1/_/yyKAvuvg.js": "5e90c2f797ebbc6bf9369d09dd9772220c6811bd7194ca725525a106cd9a754a",
    "https://dev.jspm.io/npm:jsdom@23.0.1/lib/jsdom/browser/js-globals.json!cjs": "d19de698f14518163dc1d60fd38c7a4500a014aa4aea1ee1039375ed4fd209ff",
    "https://dev.jspm.io/npm:jsdom@23.0.1/package.json!cjs": "d0c48c1b848be81fd6ed254cd9ffcc58dc71c718117dd73aed2efd2985b422f6",
    "https://dev.jspm.io/npm:ms@2.1.2!cjs": "85bdadeb4f78a97ff8fb1a86c20f2b23a9b62613c67b52183b546be04e5f7836",
    "https://dev.jspm.io/npm:nwsapi@2!cjs": "4a58ac5d87f848dbd321c9f335c1f29cf3425b56ab06ccc7894c6adb1de6bfb1",
    "https://dev.jspm.io/npm:nwsapi@2.2.7!cjs": "f1ce2a536e96e55a80b2ff8e4f59490740d4aa13255ba79d73268112e0cff479",
    "https://dev.jspm.io/npm:parse5@7!cjs": "cafee6479c9e8f0cdfe2a22cfa8352cb041830caeb9107c3e885c5cb826c6525",
    "https://dev.jspm.io/npm:parse5@7.1.2!cjs": "56bdea699fc2305f76ece917beb87a3c0a3be093c1127345fdc759e5963219cf",
    "https://dev.jspm.io/npm:psl@1!cjs": "72e36e8975efd9e0a9cbc9fba5d109432c16d7f7628553a5380b1aa03315bc29",
    "https://dev.jspm.io/npm:psl@1.9.0!cjs": "0cb017e14042df28b3db16100250c72883e3b40222bfc3fa5b69e54b3bf96045",
    "https://dev.jspm.io/npm:punycode@2!cjs": "874f8a621401c22b6812879cbf9da55184bab0f45e54a06aa864bc47716fa5f9",
    "https://dev.jspm.io/npm:punycode@2.3.1": "90a0ffead497858d5c6de0e7b8b54f8c12b9e54bd44f5643ef57bec31117e706",
    "https://dev.jspm.io/npm:querystringify@2!cjs": "c3d1d033ac28f19b816ddf9f7b60baca054653138d02f85a5d41865aa7e3320b",
    "https://dev.jspm.io/npm:querystringify@2.2.0!cjs": "7f37f5982a6496a7dbd5d7dfea94be8afa9f22cd707df80b65b3117454bbf265",
    "https://dev.jspm.io/npm:requires-port@1!cjs": "4888d6c9e0098292bdd417feca8a7be1fea3a742505101719bbffdd832038c74",
    "https://dev.jspm.io/npm:requires-port@1.0.0!cjs": "6619c2b54ea53f0f5477bf182ce08572869b12ba937c281d860b3badf74bb66a",
    "https://dev.jspm.io/npm:rrweb-cssom@0.6!cjs": "1c988fe158489970bca309b45a77c6ad71b98adc0359050f2810c54ffcb747a8",
    "https://dev.jspm.io/npm:rrweb-cssom@0.6.0!cjs": "2cf4d93495b536f27957d177ddafb8cadaa0f3a6f20f4b59d23f9a76e08b66b5",
    "https://dev.jspm.io/npm:safer-buffer@2!cjs": "94c51de14e4b39f5d17568dfba807ae1a1f50686c7bc0a03f96ab97e24061c52",
    "https://dev.jspm.io/npm:safer-buffer@2.1.2!cjs": "47d9ea315ad8a7e5108e2163804d983f9390475dda59960ca52d5b0265ba63ad",
    "https://dev.jspm.io/npm:saxes@6!cjs": "6e2f566e24e4f1c3baf1d71b2cc985e352c6e6b5ef1adf114f237fa241bd9e6a",
    "https://dev.jspm.io/npm:saxes@6.0.0!cjs": "ebd5abb283d348a7c2b588c1a1596f5af12b6fd5cdc2d8bdc1c815404be89921",
    "https://dev.jspm.io/npm:symbol-tree@3!cjs": "924eff4c9c929e1197d8b984241f0e0e695ae1575dc8f623b9baf97760c7bb86",
    "https://dev.jspm.io/npm:symbol-tree@3.2.4!cjs": "4d49326d14824ed496fc592093e0c3af61d1c79a762901b2e39091f706abe565",
    "https://dev.jspm.io/npm:tough-cookie@4!cjs": "81243fa6ef80f7960f66acab345925c7848c1d17ef7a053cb4d1c5fc23c0703c",
    "https://dev.jspm.io/npm:tough-cookie@4.1.3!cjs": "f1c68a2af7afc4c5fd915fdf507ac8596ed358468bff7bf54662ab7be3d19a80",
    "https://dev.jspm.io/npm:tough-cookie@4.1.3/_/e3ae42ba.js": "126696528e54749dd5b384e82b3af165c6bba718da9c65c3cf82c0d0af7398c9",
    "https://dev.jspm.io/npm:tr46@5!cjs": "ae513a52beec5da15702c7d2d34d2e8045a33d1e03b3ccd687f463610890ce6f",
    "https://dev.jspm.io/npm:tr46@5.0.0!cjs": "d223d41c8dd0d7d9ae415b4418f82f6f986cb0cdf4e32faeb3aa567d041c2555",
    "https://dev.jspm.io/npm:universalify@0.2!cjs": "f0dc6cab5699d2937661cc5da04824d909e8b5688aa6aafb7c80ba6dec7d1103",
    "https://dev.jspm.io/npm:universalify@0.2.0!cjs": "d2d070cdf42e094ce046f1d151ed47d028f2e75699821795b1d0ab749a3cd5f4",
    "https://dev.jspm.io/npm:url-parse@1!cjs": "ed9fc0572751ff6e78aecafc721532fc9381bf09fe43bbb14633f26bedab4d10",
    "https://dev.jspm.io/npm:url-parse@1.5.10!cjs": "615c89b9d27d5e8aa22ba75ef323eecdbfd0f0c4478f08ea76f12d8ce3fcd59e",
    "https://dev.jspm.io/npm:w3c-xmlserializer@5!cjs": "ced5510c79391bfaa46a84381b8627972ffc6f7f2c050926e04ca9cc1331094b",
    "https://dev.jspm.io/npm:w3c-xmlserializer@5.0.0!cjs": "a802e151f7342088eb1238deed262347d1790833bd8dc91d81ae944789c04809",
    "https://dev.jspm.io/npm:webidl-conversions@7!cjs": "3d9a4e32fb380085a40404c43fed6d3509fff87ce7baab96e5c78a94c237d51d",
    "https://dev.jspm.io/npm:webidl-conversions@7.0.0!cjs": "5675cf81633e0caaebbc2c487516f7af1bc96706041fbdbb4673e5c513e5b2ab",
    "https://dev.jspm.io/npm:whatwg-encoding@3!cjs": "bf2e7548765b17217a8e4b6431eee899b8a49357c6f9a1af8e6f154d1a250176",
    "https://dev.jspm.io/npm:whatwg-encoding@3.1.1!cjs": "e50216919d621892aac87396f0d3f5990a23f106ec93681fd0d5aef220a7e2a0",
    "https://dev.jspm.io/npm:whatwg-mimetype@4!cjs": "e2877d00f3dc02222c9ebb771da1de55488a6a62aabd462b3d978b622659e9f1",
    "https://dev.jspm.io/npm:whatwg-mimetype@4.0.0!cjs": "7dd0227162b6b86803b9ec79c340646e6e56a61013d65b2e5c503ff9f34a79c1",
    "https://dev.jspm.io/npm:whatwg-mimetype@4.0.0/_/OuDRKknS.js": "1380cb157e1c9a697a18928a64e2b4dd31251fb947f545debb2f9e48e0855168",
    "https://dev.jspm.io/npm:whatwg-mimetype@4.0.0/lib/parser!cjs": "f19bed79f024d43377cefdefab433e84ecd2c5c3b5e83a8cab3f80d6e9fadc31",
    "https://dev.jspm.io/npm:whatwg-mimetype@4.0.0/lib/serializer!cjs": "d6ac2a0a28704f5b220576056d6012b20e3c86c3940fc7c65cae7c898d951c0f",
    "https://dev.jspm.io/npm:whatwg-url@14!cjs": "18825d8c4471aa8875571660d747efe85909c13b1cb1cd78063728cd1afe7526",
    "https://dev.jspm.io/npm:whatwg-url@14.0.0!cjs": "572b7e6c9fbb3e0ab671f3875ddddbcfacc8c58a7fe32b6443f64cd08b6451e1",
    "https://dev.jspm.io/npm:whatwg-url@14.0.0/_/9W5stBxj.js": "59f40845c8c5f3b7010fb8845a5b9cf9c5ac374513857570fe6b4364f9d5fc8c",
    "https://dev.jspm.io/npm:whatwg-url@14.0.0/_/K1bz9zAB.js": "4daca599fbb23552145081a6e21127f283e871d12414a02ed56458b102f8286e",
    "https://dev.jspm.io/npm:whatwg-url@14.0.0/lib/URL!cjs": "d357294792115cb1bbf695a4d6b2e77334e1816e8a2214f9b617ecc6bada9894",
    "https://dev.jspm.io/npm:whatwg-url@14.0.0/lib/URL-impl!cjs": "fad457cf99b89e2f98117face89db4a5d6241e3a4bb1757c2b644b24b4290d61",
    "https://dev.jspm.io/npm:whatwg-url@14.0.0/lib/URLSearchParams-impl!cjs": "0224718da8e4b09e9554a84d7f0540e58fc512e16ab00aa0b7314af66ce69d8e",
    "https://dev.jspm.io/npm:whatwg-url@14.0.0/lib/infra!cjs": "8d276c45e21e1bc1b2760df784f5ba9cefd6c8344e7ff16285480024b005c236",
    "https://dev.jspm.io/npm:whatwg-url@14.0.0/lib/url-state-machine!cjs": "f8496ba053d68015b2085692a2d3a43f31275cbac3c2b01fb7794710dc1da621",
    "https://dev.jspm.io/npm:whatwg-url@14.0.0/lib/urlencoded!cjs": "1d6529ebdd70faee9b644269fcce896566b497479757cabdef6b8f198f285d4a",
    "https://dev.jspm.io/npm:whatwg-url@14.0.0/webidl2js-wrapper!cjs": "38cd416757b27f9c2eaaefdaae38bafeda40635a50c1a0968ed3b0e21cafc246",
    "https://dev.jspm.io/npm:whatwg-url@14/webidl2js-wrapper!cjs": "01ef047ae4930e8fae03fc58073932fe4e7ea3adb3d123c5f8e2daf35f40be79",
    "https://dev.jspm.io/npm:ws@8!cjs": "b74a2b83cf240df0b78da822b6945c82e119bc00ff56e9215ae14c19142ef0a6",
    "https://dev.jspm.io/npm:ws@8.15.0!cjs": "1b574c40d200b5bb276c5c2cfbb4289b3202777613ffee3e8355398f3f8b5af1",
    "https://dev.jspm.io/npm:xml-name-validator@5!cjs": "d953235e50b4dd1ff5720cf3897118be53795c63597cfe092a25c07bb3587634",
    "https://dev.jspm.io/npm:xml-name-validator@5.0.0!cjs": "c2822e6b5a14136b8ffe63a4ee648e000839fdca545b792b49c8746d47584f37",
    "https://dev.jspm.io/npm:xmlchars@2.2.0/xml/1.0/ed5!cjs": "2939e1d0b2b861b01043c9f2ca2dcc9a25642a35253857f992753ffea72fb1cc",
    "https://dev.jspm.io/npm:xmlchars@2.2.0/xml/1.1/ed2!cjs": "9781282c10f12f5e268c94d978353e7742b1de38cda6349599999995d582321f",
    "https://dev.jspm.io/npm:xmlchars@2.2.0/xmlns/1.0/ed3!cjs": "57d94eaf1d473802daa41c7eceb115da506cf4dd36e49305e86c7d7c6d6ab5fa",
    "https://dev.jspm.io/npm:xmlchars@2/xml/1.0/ed5!cjs": "3e9d045119540d5dfbf68f15a56708eef08be6b14eb61106e6c9f124a185ac41",
    "https://dev.jspm.io/npm:xmlchars@2/xml/1.1/ed2!cjs": "c25e5497b22b52a2b758aa8278619a9b45e85b683cf1db16e05313ed7996742c",
    "https://dev.jspm.io/npm:xmlchars@2/xmlns/1.0/ed3!cjs": "147804f6532d8a3a314c661775973620158bddc1c92fd99374760942a196c21c",
    "https://esm.sh/ajv-formats@2.1.1": "c9990ab89edff20a28f15d3355e3a98ad430496e11ea22cc4dc7ff6340e388d2",
    "https://esm.sh/ajv@8.12.0": "c2f2040b013a01467729c72de4ea775f8361c76934509254defa2336049847ba",
    "https://esm.sh/jsdom@24.0.0": "72d702fb9eb32561e3c2cd46ff37050ac220ec87fe4d09a175a9fca3db293b5d",
    "https://esm.sh/v135/agent-base@7.1.0/denonext/agent-base.mjs": "0cfda332cb4694510eaeaa42dc88eed2223a9e6bed7352727a15ff163ee6b285",
    "https://esm.sh/v135/ajv-formats@2.1.1/deno/ajv-formats.mjs": "99940e8f5faee3cc072e02ab947598779d5cfa13b7553a46047cb68e4105fe99",
    "https://esm.sh/v135/ajv@8.12.0/deno/ajv.mjs": "bd55e10a3f9512fc5a0263185e0cae235f446d2d175d6af7d6d87127fdc1a10a",
    "https://esm.sh/v135/ajv@8.12.0/deno/dist/compile/codegen.js": "a990340f4f62114ac7c062ac74d7929282eb8f8ecd0507160ff51e1fb7f96d89",
    "https://esm.sh/v135/bufferutil@4.0.8/denonext/bufferutil.mjs": "60a4618cbd1a5cb24935c55590b793d4ecb33862357d32e1d4614a0bbb90947f",
    "https://esm.sh/v135/canvas@2.11.2/denonext/canvas.mjs": "4245b1d01d91b5e807b85e40e98efe28c93634260bd8cb5ac0da71c42098a1a4",
    "https://esm.sh/v135/cssstyle@4.0.1/denonext/cssstyle.mjs": "7d9918fcb1d4b5c0e0497f941486f74bc3867aa442fefa445fb158ebba81ba37",
    "https://esm.sh/v135/data-urls@5.0.0/denonext/data-urls.mjs": "0a38da21608a5cf482ce7f18e78b24277fc6a63e58df0f3ec210b2810026ada5",
    "https://esm.sh/v135/debug@4.3.4/denonext/debug.mjs": "d2ebf776ea77aa7df1b4460eb2a4aab245a9d5b19f11fa1db25f756b350bae9d",
    "https://esm.sh/v135/decimal.js@10.4.3/denonext/decimal.mjs": "936c013da678f9d5160e9a3aa4dd9a458040fce5dc0afb582f0ce7aa6413d572",
    "https://esm.sh/v135/entities@4.5.0/denonext/lib/decode.js": "7fea6d8bd725edbbf7ea05031d2ea1bbbc1166dc11e3345d541198dd2dc16f1e",
    "https://esm.sh/v135/entities@4.5.0/denonext/lib/escape.js": "7ebdc622bf3618bab25db40da4a49e2b9d03f044745f125f0bc3359f2d060def",
    "https://esm.sh/v135/fast-deep-equal@3.1.3/deno/fast-deep-equal.mjs": "64f660f95839c8707928b30f235061c623f279ba4ad4b4e739c767e84478e446",
    "https://esm.sh/v135/form-data@4.0.0/denonext/form-data.mjs": "48e84ac3b590bc364839367938d7e48ca37615a0c66e56dcc7356c3172ec7790",
    "https://esm.sh/v135/html-encoding-sniffer@4.0.0/denonext/html-encoding-sniffer.mjs": "0063fd0b31101a12f0247fadb3ec62588abf656c34d6fea04cec631e40407593",
    "https://esm.sh/v135/http-proxy-agent@7.0.0/denonext/http-proxy-agent.mjs": "bc9d6f7fa1d817857b0e58776a924966fa7f93448db13e6f6d572a8049b8928c",
    "https://esm.sh/v135/https-proxy-agent@7.0.2/denonext/https-proxy-agent.mjs": "2820b2c86a978463ff9f5378a78a51130c67d83d66e3ee42137a2016cce88e80",
    "https://esm.sh/v135/iconv-lite@0.6.3/denonext/iconv-lite.mjs": "768e37377191ab3c7414bbb15fce202a328c411da0429764984c79b8bc65abd4",
    "https://esm.sh/v135/is-potential-custom-element-name@1.0.1/denonext/is-potential-custom-element-name.mjs": "de2781ef99795b662f43c0840c3dcfdc303f9e60a75e66924370f902133469ed",
    "https://esm.sh/v135/jsdom@24.0.0/denonext/jsdom.mjs": "50221963e3cbda127ebc83da8ce35f43e5b0a67a59eb5d4a6984aecbb5056106",
    "https://esm.sh/v135/json-schema-traverse@1.0.0/deno/json-schema-traverse.mjs": "8efd283bc9e47460b1629905d2666102312334a073cd3ebbff19bc4ac88a0341",
    "https://esm.sh/v135/ms@2.1.2/denonext/ms.mjs": "aa4dc45ba72554c5011168f8910cc646c37af53cfff1a15a4decced838b8eb14",
    "https://esm.sh/v135/node-gyp-build@4.6.1/denonext/node-gyp-build.mjs": "5d28b312f145a6cb2ec0dbdd80a7d34c0e0e6b5dcada65411d8bcff6c8991cc6",
    "https://esm.sh/v135/nwsapi@2.2.7/denonext/nwsapi.mjs": "0fbf1a70adddb4cea42e3ec72655fdf732ceedb4efc3b7b9c04c1ee5a3dce537",
    "https://esm.sh/v135/parse5@7.1.2/denonext/parse5.mjs": "35bb04ec36a1c25c8cd8137296d64d16fd523a8ad1c2b63c41ba867fcd455c36",
    "https://esm.sh/v135/psl@1.9.0/denonext/psl.mjs": "f40e9bcba5f6602eeb677f85f8e2b5c24b706bade58ced5b272044ebea609d9b",
    "https://esm.sh/v135/querystringify@2.2.0/denonext/querystringify.mjs": "4f0f639f99ec4a7ddaffb886bd7e6f3fe4b088e1fcd60336dd10d447d2093ef6",
    "https://esm.sh/v135/requires-port@1.0.0/denonext/requires-port.mjs": "c4f20b71539d08fc2662d75dfd79881fce985a0e4592268f18ac13bf53679efa",
    "https://esm.sh/v135/rrweb-cssom@0.6.0/denonext/rrweb-cssom.mjs": "e2a14692d801a24edadd3fd4ecdf017382494258064134e33390a6bf1146950d",
    "https://esm.sh/v135/safer-buffer@2.1.2/denonext/safer-buffer.mjs": "ce0e787812c668ba082ad5b75958490c714b6e05836bd5b6013d9f75727c006f",
    "https://esm.sh/v135/saxes@6.0.0/denonext/saxes.mjs": "c788baa838835a5122681fee10909b16677ef3574fffd610a0c980321a95302d",
    "https://esm.sh/v135/symbol-tree@3.2.4/denonext/symbol-tree.mjs": "67199d1e47bd6e5b7d2715dd04d25658061c95fc4464f7d200b6aab9e439b5f4",
    "https://esm.sh/v135/tough-cookie@4.1.3/denonext/tough-cookie.mjs": "7a447feec9dd2fafda251963738b91a7ed4608c5f011bce15147022fc9071bac",
    "https://esm.sh/v135/tr46@5.0.0/denonext/tr46.mjs": "66ea6f0789e30702596b0c5d0c2c2ae3e511aab829bb5b696938f61cd309e0dd",
    "https://esm.sh/v135/universalify@0.2.0/denonext/universalify.mjs": "6ebb2a9b372d4ae89f494d9b0044942dc76a5b5fb366ab3018e2bf0aeb8eae94",
    "https://esm.sh/v135/uri-js@4.4.1/deno/uri-js.mjs": "ab1504e677d3076eb294f6ea2998f994a81652db307e723bfd26f60077529be3",
    "https://esm.sh/v135/url-parse@1.5.10/denonext/url-parse.mjs": "10fa48a00b5d02da3cbe666df4a6e7f57d81d178cda8beff676ffc8cfd9ea7a1",
    "https://esm.sh/v135/utf-8-validate@6.0.3/denonext/utf-8-validate.mjs": "410c48d66840e987e474a4849cd25829817415cedd25466280effb1287d05aa5",
    "https://esm.sh/v135/w3c-xmlserializer@5.0.0/denonext/w3c-xmlserializer.mjs": "62d486ecdf81d34bf972d00aae02e3bff998aafcfd2bdef73060c171e64277ce",
    "https://esm.sh/v135/webidl-conversions@7.0.0/denonext/webidl-conversions.mjs": "04e3e6917179380727c6f65cd16a5a89836fb5a104fe5524c10a0a697f88d552",
    "https://esm.sh/v135/whatwg-encoding@3.1.1/denonext/whatwg-encoding.mjs": "ecb7f2fe9fe4686e801ffaf4fa924e5860cbc3d07594a89e639d5c2ed20ca067",
    "https://esm.sh/v135/whatwg-mimetype@4.0.0/denonext/whatwg-mimetype.mjs": "52577070194b4b1ebc78e6e9b457a078ca28d6f8477457bce914da555d92a5bb",
    "https://esm.sh/v135/whatwg-url@14.0.0/denonext/webidl2js-wrapper.js": "0cbda10a2d527e2144a35c70d997736e1bba16c9b9a547a59b848ebe21a4c9d0",
    "https://esm.sh/v135/whatwg-url@14.0.0/denonext/whatwg-url.mjs": "bd2aa23a676f3cfb590dc03f3b1b9afbfa0f41806714a65880ecc75c01b1d6a6",
    "https://esm.sh/v135/ws@8.16.0/denonext/ws.mjs": "0fa0c00b69577ba36d0a36001329b2cec91498cb2e33e329fc76aa6d51a0d54d",
    "https://esm.sh/v135/xml-name-validator@5.0.0/denonext/xml-name-validator.mjs": "a6e6944763a721d5fd93a1a8fef6a35eb49e929d63e208440848c6a2a8055dcd",
    "https://esm.sh/v135/xmlchars@2.2.0/denonext/xml/1.0/ed5.js": "60f8f018eb1d79d69a41324155b7d9f52f1058b37060b28acc1dfc49446e549d",
    "https://esm.sh/v135/xmlchars@2.2.0/denonext/xml/1.1/ed2.js": "ba7d1fe5694f62469c4b293a1fadad332c637cbcfbc74147a296475c2ff8ad3d",
    "https://esm.sh/v135/xmlchars@2.2.0/denonext/xmlns/1.0/ed3.js": "929d15ffc72d56c8909f87e7df8288f060bda0256622e8e95c24f0decb06adc7"
  }
}
